
Microsoft Visual Studio Solution File, Format Version 12.00
# Visual Studio Version 17
VisualStudioVersion = 17.9.34723.18
MinimumVisualStudioVersion = 10.0.40219.1
Project("{9A19103F-16F7-4668-BE54-9A1E7A4F7556}") = "GangWarsArcade", "GangWarsArcade\GangWarsArcade.csproj", "{2CB80F71-48E0-43DF-8142-2486EF30DDDB}"
EndProject
Project("{9A19103F-16F7-4668-BE54-9A1E7A4F7556}") = "GangWarsArcadeTest", "GangWarsArcadeTest\GangWarsArcadeTest.csproj", "{9F842D0F-3E21-44D4-B45C-50D08BA458DF}"
EndProject
Global
	GlobalSection(SolutionConfigurationPlatforms) = preSolution
		Debug|Any CPU = Debug|Any CPU
		Release|Any CPU = Release|Any CPU
	EndGlobalSection
	GlobalSection(ProjectConfigurationPlatforms) = postSolution
		{2CB80F71-48E0-43DF-8142-2486EF30DDDB}.Debug|Any CPU.ActiveCfg = Debug|Any CPU
		{2CB80F71-48E0-43DF-8142-2486EF30DDDB}.Debug|Any CPU.Build.0 = Debug|Any CPU
		{2CB80F71-48E0-43DF-8142-2486EF30DDDB}.Release|Any CPU.ActiveCfg = Release|Any CPU
		{2CB80F71-48E0-43DF-8142-2486EF30DDDB}.Release|Any CPU.Build.0 = Release|Any CPU
		{9F842D0F-3E21-44D4-B45C-50D08BA458DF}.Debug|Any CPU.ActiveCfg = Debug|Any CPU
		{9F842D0F-3E21-44D4-B45C-50D08BA458DF}.Debug|Any CPU.Build.0 = Debug|Any CPU
		{9F842D0F-3E21-44D4-B45C-50D08BA458DF}.Release|Any CPU.ActiveCfg = Release|Any CPU
		{9F842D0F-3E21-44D4-B45C-50D08BA458DF}.Release|Any CPU.Build.0 = Release|Any CPU
	EndGlobalSection
	GlobalSection(SolutionProperties) = preSolution
		HideSolutionNode = FALSE
	EndGlobalSection
	GlobalSection(ExtensibilityGlobals) = postSolution
		SolutionGuid = {7D477337-D6B9-496F-B515-B5CF1DAAFB49}
	EndGlobalSection
EndGlobal
